{
  "pins" : [
    {
      "identity" : "swiftui-bottom-drawer",
      "kind" : "remoteSourceControl",
      "location" : "https://github.com/benjaminRoberts01375/SwiftUI-Bottom-Drawer/",
      "state" : {
        "branch" : "main",
        "revision" : "5200f32044f1064edba50c383f13bf747d9a63e4"
      }
    }
  ],
  "version" : 2
}
