{
  "pins" : [
    {
      "identity" : "swiftui-bottom-drawer",
      "kind" : "remoteSourceControl",
      "location" : "https://github.com/benjaminRoberts01375/SwiftUI-Bottom-Drawer/",
      "state" : {
        "branch" : "main",
        "revision" : "76268f241cfb4c761f46860acc830cbdaf900acf"
      }
    }
  ],
  "version" : 2
}
