// !$*UTF8*$!
{
	archiveVersion = 1;
	classes = {
	};
	objectVersion = 56;
	objects = {

/* Begin PBXBuildFile section */
		0711E5B22AB39ABD0056AB4B /* BlurView.swift in Sources */ = {isa = PBXBuildFile; fileRef = 0711E5B12AB39ABD0056AB4B /* BlurView.swift */; };
		07353A352ADCCB9700C698B0 /* BigButtonV.swift in Sources */ = {isa = PBXBuildFile; fileRef = 07353A342ADCCB9700C698B0 /* BigButtonV.swift */; };
		0762DD1F2AD37A1300C36D33 /* MapMap+CoreDataClass.swift in Sources */ = {isa = PBXBuildFile; fileRef = 0762DD1D2AD37A1300C36D33 /* MapMap+CoreDataClass.swift */; };
		0762DD652AD4696B00C36D33 /* DoneButtonV.swift in Sources */ = {isa = PBXBuildFile; fileRef = 0762DD642AD4696B00C36D33 /* DoneButtonV.swift */; };
		0762DD682AD4713200C36D33 /* MapMapEditorV.swift in Sources */ = {isa = PBXBuildFile; fileRef = 0762DD672AD4713200C36D33 /* MapMapEditorV.swift */; };
		077CBEB12AD512FE00741F27 /* MapMapListItemV.swift in Sources */ = {isa = PBXBuildFile; fileRef = 077CBEB02AD512FE00741F27 /* MapMapListItemV.swift */; };
		07A0D7172AD1C28400F462A0 /* Bottom Drawer in Frameworks */ = {isa = PBXBuildFile; productRef = 07A0D7162AD1C28400F462A0 /* Bottom Drawer */; };
		07C5AE692AE7785A00DF6087 /* MapMap+CoreDataProperties.swift in Sources */ = {isa = PBXBuildFile; fileRef = 07C5AE672AE7785A00DF6087 /* MapMap+CoreDataProperties.swift */; };
		07CCDBB52AEB214400BA9D43 /* UserLocationM.swift in Sources */ = {isa = PBXBuildFile; fileRef = 07CCDBB42AEB214400BA9D43 /* UserLocationM.swift */; };
		07CCDBB72AEC7E8600BA9D43 /* MapUserIconV.swift in Sources */ = {isa = PBXBuildFile; fileRef = 07CCDBB62AEC7E8600BA9D43 /* MapUserIconV.swift */; };
		07D522F32AE5CCCF009364B3 /* CLLocationDegreesE.swift in Sources */ = {isa = PBXBuildFile; fileRef = 07D522F22AE5CCCF009364B3 /* CLLocationDegreesE.swift */; };
		07D742C12ADB67CB0087FFC5 /* BackgroundMapDetailsM.swift in Sources */ = {isa = PBXBuildFile; fileRef = 07D742C02ADB67CB0087FFC5 /* BackgroundMapDetailsM.swift */; };
		07EE1D122AE750FB000829CA /* MapMapListItemThumbnailModifier.swift in Sources */ = {isa = PBXBuildFile; fileRef = 07EE1D112AE750FB000829CA /* MapMapListItemThumbnailModifier.swift */; };
		07FCC8532AD334C000F88186 /* MapMapsViewerV.swift in Sources */ = {isa = PBXBuildFile; fileRef = 07FCC8522AD334C000F88186 /* MapMapsViewerV.swift */; };
		07FCC8552AD3593F00F88186 /* DataController.swift in Sources */ = {isa = PBXBuildFile; fileRef = 07FCC8542AD3593F00F88186 /* DataController.swift */; };
		07FCC8572AD3750F00F88186 /* MapsListV.swift in Sources */ = {isa = PBXBuildFile; fileRef = 07FCC8562AD3750F00F88186 /* MapsListV.swift */; };
		07FD85612AE6DD1E0089652B /* CompactMapMapListItemV.swift in Sources */ = {isa = PBXBuildFile; fileRef = 07FD85602AE6DD1E0089652B /* CompactMapMapListItemV.swift */; };
		07FD85632AE6DDAD0089652B /* ListMode.swift in Sources */ = {isa = PBXBuildFile; fileRef = 07FD85622AE6DDAD0089652B /* ListMode.swift */; };
		07FDC6232AB25DFD00D92113 /* Map_MapApp.swift in Sources */ = {isa = PBXBuildFile; fileRef = 07FDC6222AB25DFD00D92113 /* Map_MapApp.swift */; };
		07FDC6252AB25DFD00D92113 /* ContentView.swift in Sources */ = {isa = PBXBuildFile; fileRef = 07FDC6242AB25DFD00D92113 /* ContentView.swift */; };
		07FDC6272AB25E0000D92113 /* Assets.xcassets in Resources */ = {isa = PBXBuildFile; fileRef = 07FDC6262AB25E0000D92113 /* Assets.xcassets */; };
		07FDC62A2AB25E0000D92113 /* Preview Assets.xcassets in Resources */ = {isa = PBXBuildFile; fileRef = 07FDC6292AB25E0000D92113 /* Preview Assets.xcassets */; };
		07FDC62F2AB25E0000D92113 /* Map_Map.xcdatamodeld in Sources */ = {isa = PBXBuildFile; fileRef = 07FDC62D2AB25E0000D92113 /* Map_Map.xcdatamodeld */; };
		07FDC6362AB26ADB00D92113 /* BackgroundMapV.swift in Sources */ = {isa = PBXBuildFile; fileRef = 07FDC6352AB26ADB00D92113 /* BackgroundMapV.swift */; };
/* End PBXBuildFile section */

/* Begin PBXFileReference section */
		0711E5B12AB39ABD0056AB4B /* BlurView.swift */ = {isa = PBXFileReference; lastKnownFileType = sourcecode.swift; path = BlurView.swift; sourceTree = "<group>"; };
		07353A342ADCCB9700C698B0 /* BigButtonV.swift */ = {isa = PBXFileReference; lastKnownFileType = sourcecode.swift; path = BigButtonV.swift; sourceTree = "<group>"; };
		0762DD1D2AD37A1300C36D33 /* MapMap+CoreDataClass.swift */ = {isa = PBXFileReference; lastKnownFileType = sourcecode.swift; path = "MapMap+CoreDataClass.swift"; sourceTree = "<group>"; };
		0762DD642AD4696B00C36D33 /* DoneButtonV.swift */ = {isa = PBXFileReference; lastKnownFileType = sourcecode.swift; path = DoneButtonV.swift; sourceTree = "<group>"; };
		0762DD672AD4713200C36D33 /* MapMapEditorV.swift */ = {isa = PBXFileReference; lastKnownFileType = sourcecode.swift; path = MapMapEditorV.swift; sourceTree = "<group>"; };
		077CBEB02AD512FE00741F27 /* MapMapListItemV.swift */ = {isa = PBXFileReference; lastKnownFileType = sourcecode.swift; path = MapMapListItemV.swift; sourceTree = "<group>"; };
		07C5AE672AE7785A00DF6087 /* MapMap+CoreDataProperties.swift */ = {isa = PBXFileReference; lastKnownFileType = sourcecode.swift; path = "MapMap+CoreDataProperties.swift"; sourceTree = "<group>"; };
		07CCDBB42AEB214400BA9D43 /* UserLocationM.swift */ = {isa = PBXFileReference; lastKnownFileType = sourcecode.swift; path = UserLocationM.swift; sourceTree = "<group>"; };
		07CCDBB62AEC7E8600BA9D43 /* MapUserIconV.swift */ = {isa = PBXFileReference; lastKnownFileType = sourcecode.swift; path = MapUserIconV.swift; sourceTree = "<group>"; };
		07D522F22AE5CCCF009364B3 /* CLLocationDegreesE.swift */ = {isa = PBXFileReference; lastKnownFileType = sourcecode.swift; path = CLLocationDegreesE.swift; sourceTree = "<group>"; };
		07D742C02ADB67CB0087FFC5 /* BackgroundMapDetailsM.swift */ = {isa = PBXFileReference; lastKnownFileType = sourcecode.swift; path = BackgroundMapDetailsM.swift; sourceTree = "<group>"; };
		07EE1D112AE750FB000829CA /* MapMapListItemThumbnailModifier.swift */ = {isa = PBXFileReference; lastKnownFileType = sourcecode.swift; path = MapMapListItemThumbnailModifier.swift; sourceTree = "<group>"; };
		07FCC8522AD334C000F88186 /* MapMapsViewerV.swift */ = {isa = PBXFileReference; lastKnownFileType = sourcecode.swift; path = MapMapsViewerV.swift; sourceTree = "<group>"; };
		07FCC8542AD3593F00F88186 /* DataController.swift */ = {isa = PBXFileReference; lastKnownFileType = sourcecode.swift; path = DataController.swift; sourceTree = "<group>"; };
		07FCC8562AD3750F00F88186 /* MapsListV.swift */ = {isa = PBXFileReference; lastKnownFileType = sourcecode.swift; path = MapsListV.swift; sourceTree = "<group>"; };
		07FD85602AE6DD1E0089652B /* CompactMapMapListItemV.swift */ = {isa = PBXFileReference; lastKnownFileType = sourcecode.swift; path = CompactMapMapListItemV.swift; sourceTree = "<group>"; };
		07FD85622AE6DDAD0089652B /* ListMode.swift */ = {isa = PBXFileReference; lastKnownFileType = sourcecode.swift; path = ListMode.swift; sourceTree = "<group>"; };
		07FDC61F2AB25DFD00D92113 /* Map Map.app */ = {isa = PBXFileReference; explicitFileType = wrapper.application; includeInIndex = 0; path = "Map Map.app"; sourceTree = BUILT_PRODUCTS_DIR; };
		07FDC6222AB25DFD00D92113 /* Map_MapApp.swift */ = {isa = PBXFileReference; lastKnownFileType = sourcecode.swift; path = Map_MapApp.swift; sourceTree = "<group>"; };
		07FDC6242AB25DFD00D92113 /* ContentView.swift */ = {isa = PBXFileReference; lastKnownFileType = sourcecode.swift; path = ContentView.swift; sourceTree = "<group>"; };
		07FDC6262AB25E0000D92113 /* Assets.xcassets */ = {isa = PBXFileReference; lastKnownFileType = folder.assetcatalog; path = Assets.xcassets; sourceTree = "<group>"; };
		07FDC6292AB25E0000D92113 /* Preview Assets.xcassets */ = {isa = PBXFileReference; lastKnownFileType = folder.assetcatalog; path = "Preview Assets.xcassets"; sourceTree = "<group>"; };
		07FDC62E2AB25E0000D92113 /* Map_Map.xcdatamodel */ = {isa = PBXFileReference; lastKnownFileType = wrapper.xcdatamodel; path = Map_Map.xcdatamodel; sourceTree = "<group>"; };
		07FDC6352AB26ADB00D92113 /* BackgroundMapV.swift */ = {isa = PBXFileReference; lastKnownFileType = sourcecode.swift; path = BackgroundMapV.swift; sourceTree = "<group>"; };
		07FDC63B2AB2786700D92113 /* Map-Map-Info.plist */ = {isa = PBXFileReference; lastKnownFileType = text.plist; path = "Map-Map-Info.plist"; sourceTree = SOURCE_ROOT; };
/* End PBXFileReference section */

/* Begin PBXFrameworksBuildPhase section */
		07FDC61C2AB25DFD00D92113 /* Frameworks */ = {
			isa = PBXFrameworksBuildPhase;
			buildActionMask = 2147483647;
			files = (
				07A0D7172AD1C28400F462A0 /* Bottom Drawer in Frameworks */,
			);
			runOnlyForDeploymentPostprocessing = 0;
		};
/* End PBXFrameworksBuildPhase section */

/* Begin PBXGroup section */
		070159D82AD505300031647F /* Map Editing */ = {
			isa = PBXGroup;
			children = (
				0762DD672AD4713200C36D33 /* MapMapEditorV.swift */,
			);
			path = "Map Editing";
			sourceTree = "<group>";
		};
		0762DD662AD46CFA00C36D33 /* Generic View Components */ = {
			isa = PBXGroup;
			children = (
				0762DD642AD4696B00C36D33 /* DoneButtonV.swift */,
				07353A342ADCCB9700C698B0 /* BigButtonV.swift */,
				0711E5B12AB39ABD0056AB4B /* BlurView.swift */,
			);
			path = "Generic View Components";
			sourceTree = "<group>";
		};
		077CBEAF2AD5088100741F27 /* Map List */ = {
			isa = PBXGroup;
			children = (
				07FCC8562AD3750F00F88186 /* MapsListV.swift */,
				077CBEB02AD512FE00741F27 /* MapMapListItemV.swift */,
				07EE1D112AE750FB000829CA /* MapMapListItemThumbnailModifier.swift */,
				07FD85602AE6DD1E0089652B /* CompactMapMapListItemV.swift */,
			);
			path = "Map List";
			sourceTree = "<group>";
		};
		07FCC8592AD3756300F88186 /* Map Drawer Interaction */ = {
			isa = PBXGroup;
			children = (
				07FCC8522AD334C000F88186 /* MapMapsViewerV.swift */,
				07FD85622AE6DDAD0089652B /* ListMode.swift */,
				077CBEAF2AD5088100741F27 /* Map List */,
			);
			path = "Map Drawer Interaction";
			sourceTree = "<group>";
		};
		07FCC85A2AD3759500F88186 /* Models */ = {
			isa = PBXGroup;
			children = (
				0762DD1D2AD37A1300C36D33 /* MapMap+CoreDataClass.swift */,
				07C5AE672AE7785A00DF6087 /* MapMap+CoreDataProperties.swift */,
				07FCC8542AD3593F00F88186 /* DataController.swift */,
				07D522F22AE5CCCF009364B3 /* CLLocationDegreesE.swift */,
			);
			path = Models;
			sourceTree = "<group>";
		};
		07FCC85F2AD3764A00F88186 /* Map */ = {
			isa = PBXGroup;
			children = (
				07FDC6352AB26ADB00D92113 /* BackgroundMapV.swift */,
				07CCDBB62AEC7E8600BA9D43 /* MapUserIconV.swift */,
				07CCDBB42AEB214400BA9D43 /* UserLocationM.swift */,
				07D742C02ADB67CB0087FFC5 /* BackgroundMapDetailsM.swift */,
			);
			path = Map;
			sourceTree = "<group>";
		};
		07FDC6162AB25DFD00D92113 = {
			isa = PBXGroup;
			children = (
				07FDC6212AB25DFD00D92113 /* Map Map */,
				07FDC6202AB25DFD00D92113 /* Products */,
			);
			sourceTree = "<group>";
		};
		07FDC6202AB25DFD00D92113 /* Products */ = {
			isa = PBXGroup;
			children = (
				07FDC61F2AB25DFD00D92113 /* Map Map.app */,
			);
			name = Products;
			sourceTree = "<group>";
		};
		07FDC6212AB25DFD00D92113 /* Map Map */ = {
			isa = PBXGroup;
			children = (
				07FDC6222AB25DFD00D92113 /* Map_MapApp.swift */,
				07FDC6242AB25DFD00D92113 /* ContentView.swift */,
				07FCC85F2AD3764A00F88186 /* Map */,
				070159D82AD505300031647F /* Map Editing */,
				07FCC8592AD3756300F88186 /* Map Drawer Interaction */,
				07FCC85A2AD3759500F88186 /* Models */,
				0762DD662AD46CFA00C36D33 /* Generic View Components */,
				07FDC6262AB25E0000D92113 /* Assets.xcassets */,
				07FDC62D2AB25E0000D92113 /* Map_Map.xcdatamodeld */,
				07FDC63B2AB2786700D92113 /* Map-Map-Info.plist */,
				07FDC6282AB25E0000D92113 /* Preview Content */,
			);
			path = "Map Map";
			sourceTree = "<group>";
		};
		07FDC6282AB25E0000D92113 /* Preview Content */ = {
			isa = PBXGroup;
			children = (
				07FDC6292AB25E0000D92113 /* Preview Assets.xcassets */,
			);
			path = "Preview Content";
			sourceTree = "<group>";
		};
/* End PBXGroup section */

/* Begin PBXNativeTarget section */
		07FDC61E2AB25DFD00D92113 /* Map Map */ = {
			isa = PBXNativeTarget;
			buildConfigurationList = 07FDC6322AB25E0000D92113 /* Build configuration list for PBXNativeTarget "Map Map" */;
			buildPhases = (
				07FDC61B2AB25DFD00D92113 /* Sources */,
				07FDC61C2AB25DFD00D92113 /* Frameworks */,
				07FDC61D2AB25DFD00D92113 /* Resources */,
			);
			buildRules = (
			);
			dependencies = (
			);
			name = "Map Map";
			packageProductDependencies = (
				07A0D7162AD1C28400F462A0 /* Bottom Drawer */,
			);
			productName = "Map Map";
			productReference = 07FDC61F2AB25DFD00D92113 /* Map Map.app */;
			productType = "com.apple.product-type.application";
		};
/* End PBXNativeTarget section */

/* Begin PBXProject section */
		07FDC6172AB25DFD00D92113 /* Project object */ = {
			isa = PBXProject;
			attributes = {
				BuildIndependentTargetsInParallel = 1;
				LastSwiftUpdateCheck = 1500;
				LastUpgradeCheck = 1500;
				TargetAttributes = {
					07FDC61E2AB25DFD00D92113 = {
						CreatedOnToolsVersion = 15.0;
					};
				};
			};
			buildConfigurationList = 07FDC61A2AB25DFD00D92113 /* Build configuration list for PBXProject "Map Map" */;
			compatibilityVersion = "Xcode 14.0";
			developmentRegion = en;
			hasScannedForEncodings = 0;
			knownRegions = (
				en,
				Base,
			);
			mainGroup = 07FDC6162AB25DFD00D92113;
			packageReferences = (
				07A0D7152AD1C28400F462A0 /* XCRemoteSwiftPackageReference "SwiftUI-Bottom-Drawer" */,
			);
			productRefGroup = 07FDC6202AB25DFD00D92113 /* Products */;
			projectDirPath = "";
			projectRoot = "";
			targets = (
				07FDC61E2AB25DFD00D92113 /* Map Map */,
			);
		};
/* End PBXProject section */

/* Begin PBXResourcesBuildPhase section */
		07FDC61D2AB25DFD00D92113 /* Resources */ = {
			isa = PBXResourcesBuildPhase;
			buildActionMask = 2147483647;
			files = (
				07FDC62A2AB25E0000D92113 /* Preview Assets.xcassets in Resources */,
				07FDC6272AB25E0000D92113 /* Assets.xcassets in Resources */,
			);
			runOnlyForDeploymentPostprocessing = 0;
		};
/* End PBXResourcesBuildPhase section */

/* Begin PBXSourcesBuildPhase section */
		07FDC61B2AB25DFD00D92113 /* Sources */ = {
			isa = PBXSourcesBuildPhase;
			buildActionMask = 2147483647;
			files = (
				07FDC6252AB25DFD00D92113 /* ContentView.swift in Sources */,
				0711E5B22AB39ABD0056AB4B /* BlurView.swift in Sources */,
				07FDC6232AB25DFD00D92113 /* Map_MapApp.swift in Sources */,
				07D522F32AE5CCCF009364B3 /* CLLocationDegreesE.swift in Sources */,
				0762DD652AD4696B00C36D33 /* DoneButtonV.swift in Sources */,
				0762DD682AD4713200C36D33 /* MapMapEditorV.swift in Sources */,
				07FCC8532AD334C000F88186 /* MapMapsViewerV.swift in Sources */,
				077CBEB12AD512FE00741F27 /* MapMapListItemV.swift in Sources */,
				07FD85632AE6DDAD0089652B /* ListMode.swift in Sources */,
				07FCC8552AD3593F00F88186 /* DataController.swift in Sources */,
				07FDC6362AB26ADB00D92113 /* BackgroundMapV.swift in Sources */,
				07FDC62F2AB25E0000D92113 /* Map_Map.xcdatamodeld in Sources */,
				07EE1D122AE750FB000829CA /* MapMapListItemThumbnailModifier.swift in Sources */,
				07D742C12ADB67CB0087FFC5 /* BackgroundMapDetailsM.swift in Sources */,
				07353A352ADCCB9700C698B0 /* BigButtonV.swift in Sources */,
				07CCDBB52AEB214400BA9D43 /* UserLocationM.swift in Sources */,
				07CCDBB72AEC7E8600BA9D43 /* MapUserIconV.swift in Sources */,
				07C5AE692AE7785A00DF6087 /* MapMap+CoreDataProperties.swift in Sources */,
				07FCC8572AD3750F00F88186 /* MapsListV.swift in Sources */,
				07FD85612AE6DD1E0089652B /* CompactMapMapListItemV.swift in Sources */,
				0762DD1F2AD37A1300C36D33 /* MapMap+CoreDataClass.swift in Sources */,
			);
			runOnlyForDeploymentPostprocessing = 0;
		};
/* End PBXSourcesBuildPhase section */

/* Begin XCBuildConfiguration section */
		07FDC6302AB25E0000D92113 /* Debug */ = {
			isa = XCBuildConfiguration;
			buildSettings = {
				ALWAYS_SEARCH_USER_PATHS = NO;
				ASSETCATALOG_COMPILER_GENERATE_SWIFT_ASSET_SYMBOL_EXTENSIONS = YES;
				CLANG_ANALYZER_NONNULL = YES;
				CLANG_ANALYZER_NUMBER_OBJECT_CONVERSION = YES_AGGRESSIVE;
				CLANG_CXX_LANGUAGE_STANDARD = "gnu++20";
				CLANG_ENABLE_MODULES = YES;
				CLANG_ENABLE_OBJC_ARC = YES;
				CLANG_ENABLE_OBJC_WEAK = YES;
				CLANG_WARN_BLOCK_CAPTURE_AUTORELEASING = YES;
				CLANG_WARN_BOOL_CONVERSION = YES;
				CLANG_WARN_COMMA = YES;
				CLANG_WARN_CONSTANT_CONVERSION = YES;
				CLANG_WARN_DEPRECATED_OBJC_IMPLEMENTATIONS = YES;
				CLANG_WARN_DIRECT_OBJC_ISA_USAGE = YES_ERROR;
				CLANG_WARN_DOCUMENTATION_COMMENTS = YES;
				CLANG_WARN_EMPTY_BODY = YES;
				CLANG_WARN_ENUM_CONVERSION = YES;
				CLANG_WARN_INFINITE_RECURSION = YES;
				CLANG_WARN_INT_CONVERSION = YES;
				CLANG_WARN_NON_LITERAL_NULL_CONVERSION = YES;
				CLANG_WARN_OBJC_IMPLICIT_RETAIN_SELF = YES;
				CLANG_WARN_OBJC_LITERAL_CONVERSION = YES;
				CLANG_WARN_OBJC_ROOT_CLASS = YES_ERROR;
				CLANG_WARN_QUOTED_INCLUDE_IN_FRAMEWORK_HEADER = YES;
				CLANG_WARN_RANGE_LOOP_ANALYSIS = YES;
				CLANG_WARN_STRICT_PROTOTYPES = YES;
				CLANG_WARN_SUSPICIOUS_MOVE = YES;
				CLANG_WARN_UNGUARDED_AVAILABILITY = YES_AGGRESSIVE;
				CLANG_WARN_UNREACHABLE_CODE = YES;
				CLANG_WARN__DUPLICATE_METHOD_MATCH = YES;
				COPY_PHASE_STRIP = NO;
				DEBUG_INFORMATION_FORMAT = dwarf;
				ENABLE_STRICT_OBJC_MSGSEND = YES;
				ENABLE_TESTABILITY = YES;
				ENABLE_USER_SCRIPT_SANDBOXING = YES;
				GCC_C_LANGUAGE_STANDARD = gnu17;
				GCC_DYNAMIC_NO_PIC = NO;
				GCC_NO_COMMON_BLOCKS = YES;
				GCC_OPTIMIZATION_LEVEL = 0;
				GCC_PREPROCESSOR_DEFINITIONS = (
					"DEBUG=1",
					"$(inherited)",
				);
				GCC_WARN_64_TO_32_BIT_CONVERSION = YES;
				GCC_WARN_ABOUT_RETURN_TYPE = YES_ERROR;
				GCC_WARN_UNDECLARED_SELECTOR = YES;
				GCC_WARN_UNINITIALIZED_AUTOS = YES_AGGRESSIVE;
				GCC_WARN_UNUSED_FUNCTION = YES;
				GCC_WARN_UNUSED_VARIABLE = YES;
				IPHONEOS_DEPLOYMENT_TARGET = 16.0;
				LOCALIZATION_PREFERS_STRING_CATALOGS = YES;
				MTL_ENABLE_DEBUG_INFO = INCLUDE_SOURCE;
				MTL_FAST_MATH = YES;
				ONLY_ACTIVE_ARCH = YES;
				SDKROOT = iphoneos;
				SWIFT_ACTIVE_COMPILATION_CONDITIONS = "DEBUG $(inherited)";
				SWIFT_OPTIMIZATION_LEVEL = "-Onone";
			};
			name = Debug;
		};
		07FDC6312AB25E0000D92113 /* Release */ = {
			isa = XCBuildConfiguration;
			buildSettings = {
				ALWAYS_SEARCH_USER_PATHS = NO;
				ASSETCATALOG_COMPILER_GENERATE_SWIFT_ASSET_SYMBOL_EXTENSIONS = YES;
				CLANG_ANALYZER_NONNULL = YES;
				CLANG_ANALYZER_NUMBER_OBJECT_CONVERSION = YES_AGGRESSIVE;
				CLANG_CXX_LANGUAGE_STANDARD = "gnu++20";
				CLANG_ENABLE_MODULES = YES;
				CLANG_ENABLE_OBJC_ARC = YES;
				CLANG_ENABLE_OBJC_WEAK = YES;
				CLANG_WARN_BLOCK_CAPTURE_AUTORELEASING = YES;
				CLANG_WARN_BOOL_CONVERSION = YES;
				CLANG_WARN_COMMA = YES;
				CLANG_WARN_CONSTANT_CONVERSION = YES;
				CLANG_WARN_DEPRECATED_OBJC_IMPLEMENTATIONS = YES;
				CLANG_WARN_DIRECT_OBJC_ISA_USAGE = YES_ERROR;
				CLANG_WARN_DOCUMENTATION_COMMENTS = YES;
				CLANG_WARN_EMPTY_BODY = YES;
				CLANG_WARN_ENUM_CONVERSION = YES;
				CLANG_WARN_INFINITE_RECURSION = YES;
				CLANG_WARN_INT_CONVERSION = YES;
				CLANG_WARN_NON_LITERAL_NULL_CONVERSION = YES;
				CLANG_WARN_OBJC_IMPLICIT_RETAIN_SELF = YES;
				CLANG_WARN_OBJC_LITERAL_CONVERSION = YES;
				CLANG_WARN_OBJC_ROOT_CLASS = YES_ERROR;
				CLANG_WARN_QUOTED_INCLUDE_IN_FRAMEWORK_HEADER = YES;
				CLANG_WARN_RANGE_LOOP_ANALYSIS = YES;
				CLANG_WARN_STRICT_PROTOTYPES = YES;
				CLANG_WARN_SUSPICIOUS_MOVE = YES;
				CLANG_WARN_UNGUARDED_AVAILABILITY = YES_AGGRESSIVE;
				CLANG_WARN_UNREACHABLE_CODE = YES;
				CLANG_WARN__DUPLICATE_METHOD_MATCH = YES;
				COPY_PHASE_STRIP = NO;
				DEBUG_INFORMATION_FORMAT = "dwarf-with-dsym";
				ENABLE_NS_ASSERTIONS = NO;
				ENABLE_STRICT_OBJC_MSGSEND = YES;
				ENABLE_USER_SCRIPT_SANDBOXING = YES;
				GCC_C_LANGUAGE_STANDARD = gnu17;
				GCC_NO_COMMON_BLOCKS = YES;
				GCC_WARN_64_TO_32_BIT_CONVERSION = YES;
				GCC_WARN_ABOUT_RETURN_TYPE = YES_ERROR;
				GCC_WARN_UNDECLARED_SELECTOR = YES;
				GCC_WARN_UNINITIALIZED_AUTOS = YES_AGGRESSIVE;
				GCC_WARN_UNUSED_FUNCTION = YES;
				GCC_WARN_UNUSED_VARIABLE = YES;
				IPHONEOS_DEPLOYMENT_TARGET = 16.0;
				LOCALIZATION_PREFERS_STRING_CATALOGS = YES;
				MTL_ENABLE_DEBUG_INFO = NO;
				MTL_FAST_MATH = YES;
				SDKROOT = iphoneos;
				SWIFT_COMPILATION_MODE = wholemodule;
				VALIDATE_PRODUCT = YES;
			};
			name = Release;
		};
		07FDC6332AB25E0000D92113 /* Debug */ = {
			isa = XCBuildConfiguration;
			buildSettings = {
				ASSETCATALOG_COMPILER_APPICON_NAME = AppIcon;
				ASSETCATALOG_COMPILER_GLOBAL_ACCENT_COLOR_NAME = AccentColor;
				CODE_SIGN_STYLE = Automatic;
				CURRENT_PROJECT_VERSION = 1;
				DEVELOPMENT_ASSET_PATHS = "\"Map Map/Preview Content\"";
				DEVELOPMENT_TEAM = 68A766T4GX;
				ENABLE_PREVIEWS = YES;
				GENERATE_INFOPLIST_FILE = YES;
				INFOPLIST_FILE = "Map-Map-Info.plist";
				INFOPLIST_KEY_NSLocationWhenInUseUsageDescription = "Map Map uses your location to show where you are on the map. That's it. (◕‿◕ ✿)";
				INFOPLIST_KEY_UIApplicationSceneManifest_Generation = YES;
				INFOPLIST_KEY_UIApplicationSupportsIndirectInputEvents = YES;
				INFOPLIST_KEY_UILaunchScreen_Generation = YES;
				INFOPLIST_KEY_UISupportedInterfaceOrientations_iPad = "UIInterfaceOrientationPortrait UIInterfaceOrientationPortraitUpsideDown UIInterfaceOrientationLandscapeLeft UIInterfaceOrientationLandscapeRight";
				INFOPLIST_KEY_UISupportedInterfaceOrientations_iPhone = "UIInterfaceOrientationPortrait UIInterfaceOrientationLandscapeLeft UIInterfaceOrientationLandscapeRight";
				IPHONEOS_DEPLOYMENT_TARGET = 17.0;
				LD_RUNPATH_SEARCH_PATHS = (
					"$(inherited)",
					"@executable_path/Frameworks",
				);
				MARKETING_VERSION = 1.0;
				PRODUCT_BUNDLE_IDENTIFIER = "com.RobertsHouseHold.Map-Map";
				PRODUCT_NAME = "$(TARGET_NAME)";
				SWIFT_EMIT_LOC_STRINGS = YES;
				SWIFT_VERSION = 5.0;
				TARGETED_DEVICE_FAMILY = "1,2";
			};
			name = Debug;
		};
		07FDC6342AB25E0000D92113 /* Release */ = {
			isa = XCBuildConfiguration;
			buildSettings = {
				ASSETCATALOG_COMPILER_APPICON_NAME = AppIcon;
				ASSETCATALOG_COMPILER_GLOBAL_ACCENT_COLOR_NAME = AccentColor;
				CODE_SIGN_STYLE = Automatic;
				CURRENT_PROJECT_VERSION = 1;
				DEVELOPMENT_ASSET_PATHS = "\"Map Map/Preview Content\"";
				DEVELOPMENT_TEAM = 68A766T4GX;
				ENABLE_PREVIEWS = YES;
				GENERATE_INFOPLIST_FILE = YES;
				INFOPLIST_FILE = "Map-Map-Info.plist";
				INFOPLIST_KEY_NSLocationWhenInUseUsageDescription = "Map Map uses your location to show where you are on the map. That's it.(◕‿◕✿)";
				INFOPLIST_KEY_UIApplicationSceneManifest_Generation = YES;
				INFOPLIST_KEY_UIApplicationSupportsIndirectInputEvents = YES;
				INFOPLIST_KEY_UILaunchScreen_Generation = YES;
				INFOPLIST_KEY_UISupportedInterfaceOrientations_iPad = "UIInterfaceOrientationPortrait UIInterfaceOrientationPortraitUpsideDown UIInterfaceOrientationLandscapeLeft UIInterfaceOrientationLandscapeRight";
				INFOPLIST_KEY_UISupportedInterfaceOrientations_iPhone = "UIInterfaceOrientationPortrait UIInterfaceOrientationLandscapeLeft UIInterfaceOrientationLandscapeRight";
				IPHONEOS_DEPLOYMENT_TARGET = 17.0;
				LD_RUNPATH_SEARCH_PATHS = (
					"$(inherited)",
					"@executable_path/Frameworks",
				);
				MARKETING_VERSION = 1.0;
				PRODUCT_BUNDLE_IDENTIFIER = "com.RobertsHouseHold.Map-Map";
				PRODUCT_NAME = "$(TARGET_NAME)";
				SWIFT_EMIT_LOC_STRINGS = YES;
				SWIFT_VERSION = 5.0;
				TARGETED_DEVICE_FAMILY = "1,2";
			};
			name = Release;
		};
/* End XCBuildConfiguration section */

/* Begin XCConfigurationList section */
		07FDC61A2AB25DFD00D92113 /* Build configuration list for PBXProject "Map Map" */ = {
			isa = XCConfigurationList;
			buildConfigurations = (
				07FDC6302AB25E0000D92113 /* Debug */,
				07FDC6312AB25E0000D92113 /* Release */,
			);
			defaultConfigurationIsVisible = 0;
			defaultConfigurationName = Release;
		};
		07FDC6322AB25E0000D92113 /* Build configuration list for PBXNativeTarget "Map Map" */ = {
			isa = XCConfigurationList;
			buildConfigurations = (
				07FDC6332AB25E0000D92113 /* Debug */,
				07FDC6342AB25E0000D92113 /* Release */,
			);
			defaultConfigurationIsVisible = 0;
			defaultConfigurationName = Release;
		};
/* End XCConfigurationList section */

/* Begin XCRemoteSwiftPackageReference section */
		07A0D7152AD1C28400F462A0 /* XCRemoteSwiftPackageReference "SwiftUI-Bottom-Drawer" */ = {
			isa = XCRemoteSwiftPackageReference;
			repositoryURL = "https://github.com/benjaminRoberts01375/SwiftUI-Bottom-Drawer/";
			requirement = {
				branch = main;
				kind = branch;
			};
		};
/* End XCRemoteSwiftPackageReference section */

/* Begin XCSwiftPackageProductDependency section */
		07A0D7162AD1C28400F462A0 /* Bottom Drawer */ = {
			isa = XCSwiftPackageProductDependency;
			package = 07A0D7152AD1C28400F462A0 /* XCRemoteSwiftPackageReference "SwiftUI-Bottom-Drawer" */;
			productName = "Bottom Drawer";
		};
/* End XCSwiftPackageProductDependency section */

/* Begin XCVersionGroup section */
		07FDC62D2AB25E0000D92113 /* Map_Map.xcdatamodeld */ = {
			isa = XCVersionGroup;
			children = (
				07FDC62E2AB25E0000D92113 /* Map_Map.xcdatamodel */,
			);
			currentVersion = 07FDC62E2AB25E0000D92113 /* Map_Map.xcdatamodel */;
			path = Map_Map.xcdatamodeld;
			sourceTree = "<group>";
			versionGroupType = wrapper.xcdatamodel;
		};
/* End XCVersionGroup section */
	};
	rootObject = 07FDC6172AB25DFD00D92113 /* Project object */;
}
